
Microsoft Visual Studio Solution File, Format Version 12.00
# Visual Studio Version 17
VisualStudioVersion = 17.10.35122.118
MinimumVisualStudioVersion = 10.0.40219.1
Project("{2150E333-8FDC-42A3-9474-1A3956D46DE8}") = "src", "src", "{78698622-B03F-4429-A49B-98CF86473856}"
EndProject
Project("{2150E333-8FDC-42A3-9474-1A3956D46DE8}") = "solution items", "solution items", "{5CA83A43-21FE-4FEA-BFC4-B15F42D39C17}"
	ProjectSection(SolutionItems) = preProject
		..\..\Directory.Build.props = ..\..\Directory.Build.props
		..\Readme.md = ..\Readme.md
		..\sample data.json = ..\sample data.json
	EndProjectSection
EndProject
Project("{2150E333-8FDC-42A3-9474-1A3956D46DE8}") = "revit", "revit", "{DD61B320-96A7-4CC9-9E96-5A31B94C81F2}"
	ProjectSection(SolutionItems) = preProject
		Directory.Build.props = Directory.Build.props
		Directory.Build.targets = Directory.Build.targets
	EndProjectSection
EndProject
Project("{FAE04EC0-301F-11D3-BF4B-00C04F79EFBC}") = "BUD.Data.Serialization", "..\BUD.Data.Serialization\BUD.Data.Serialization.csproj", "{1068E61C-D5B5-48AB-80BA-AD5D854D828F}"
EndProject
Project("{FAE04EC0-301F-11D3-BF4B-00C04F79EFBC}") = "BUD.Reinforcement.Engine", "..\BUD.Reinforcement.Engine\BUD.Reinforcement.Engine.csproj", "{C88254D5-E154-4B96-AA6B-B225FFC5DAA7}"
EndProject
Project("{FAE04EC0-301F-11D3-BF4B-00C04F79EFBC}") = "BUD.Toolkit.Logger", "..\BUD.Toolkit.Logger\BUD.Toolkit.Logger.csproj", "{158F038C-33C0-4DAB-825D-CE49D9ED6BAB}"
EndProject
Project("{FAE04EC0-301F-11D3-BF4B-00C04F79EFBC}") = "BUD.Toolkit.MVVM", "..\BUD.Toolkit.MVVM\BUD.Toolkit.MVVM.csproj", "{55341B98-CED4-4932-894A-0E84602590EF}"
EndProject
Project("{FAE04EC0-301F-11D3-BF4B-00C04F79EFBC}") = "BUD.Toolkit.WPF.UI", "..\BUD.Toolkit.WPF.UI\BUD.Toolkit.WPF.UI.csproj", "{D9B15625-E469-46E8-BD8B-226A47CED90C}"
EndProject
Project("{FAE04EC0-301F-11D3-BF4B-00C04F79EFBC}") = "BUD.Drainage.Revit.Addin", "BUD.Drainage.Revit.Addin\BUD.Drainage.Revit.Addin.csproj", "{29272593-86D6-4D3B-B0A6-4B6CB361D19B}"
EndProject
Project("{FAE04EC0-301F-11D3-BF4B-00C04F79EFBC}") = "BUD.Revit.Framework", "BUD.Revit.Framework\BUD.Revit.Framework.csproj", "{682799DF-17E6-4AF4-A4D7-1AE9B0F8AB58}"
EndProject
Project("{FAE04EC0-301F-11D3-BF4B-00C04F79EFBC}") = "BUD.Tuna.Revit.Extensions", "BUD.Tuna.Revit.Extensions\BUD.Tuna.Revit.Extensions.csproj", "{F039C9B0-4CCC-4986-90BE-6B94CA0917DE}"
EndProject
Global
	GlobalSection(SolutionConfigurationPlatforms) = preSolution
		Debug|Any CPU = Debug|Any CPU
		Release|Any CPU = Release|Any CPU
		Rvt_16_Debug|Any CPU = Rvt_16_Debug|Any CPU
		Rvt_16_Release|Any CPU = Rvt_16_Release|Any CPU
		Rvt_17_Debug|Any CPU = Rvt_17_Debug|Any CPU
		Rvt_17_Release|Any CPU = Rvt_17_Release|Any CPU
		Rvt_18_Debug|Any CPU = Rvt_18_Debug|Any CPU
		Rvt_18_Release|Any CPU = Rvt_18_Release|Any CPU
		Rvt_19_Debug|Any CPU = Rvt_19_Debug|Any CPU
		Rvt_19_Release|Any CPU = Rvt_19_Release|Any CPU
		Rvt_20_Debug|Any CPU = Rvt_20_Debug|Any CPU
		Rvt_20_Release|Any CPU = Rvt_20_Release|Any CPU
		Rvt_21_Debug|Any CPU = Rvt_21_Debug|Any CPU
		Rvt_21_Release|Any CPU = Rvt_21_Release|Any CPU
		Rvt_22_Debug|Any CPU = Rvt_22_Debug|Any CPU
		Rvt_22_Release|Any CPU = Rvt_22_Release|Any CPU
		Rvt_23_Debug|Any CPU = Rvt_23_Debug|Any CPU
		Rvt_23_Release|Any CPU = Rvt_23_Release|Any CPU
		Rvt_24_Debug|Any CPU = Rvt_24_Debug|Any CPU
		Rvt_24_Release|Any CPU = Rvt_24_Release|Any CPU
		Rvt_25_Debug|Any CPU = Rvt_25_Debug|Any CPU
		Rvt_25_Release|Any CPU = Rvt_25_Release|Any CPU
	EndGlobalSection
	GlobalSection(ProjectConfigurationPlatforms) = postSolution
		{1068E61C-D5B5-48AB-80BA-AD5D854D828F}.Debug|Any CPU.ActiveCfg = Debug|Any CPU
		{1068E61C-D5B5-48AB-80BA-AD5D854D828F}.Debug|Any CPU.Build.0 = Debug|Any CPU
		{1068E61C-D5B5-48AB-80BA-AD5D854D828F}.Release|Any CPU.ActiveCfg = Release|Any CPU
		{1068E61C-D5B5-48AB-80BA-AD5D854D828F}.Release|Any CPU.Build.0 = Release|Any CPU
		{1068E61C-D5B5-48AB-80BA-AD5D854D828F}.Rvt_16_Debug|Any CPU.ActiveCfg = Release|Any CPU
		{1068E61C-D5B5-48AB-80BA-AD5D854D828F}.Rvt_16_Debug|Any CPU.Build.0 = Release|Any CPU
		{1068E61C-D5B5-48AB-80BA-AD5D854D828F}.Rvt_16_Release|Any CPU.ActiveCfg = Release|Any CPU
		{1068E61C-D5B5-48AB-80BA-AD5D854D828F}.Rvt_16_Release|Any CPU.Build.0 = Release|Any CPU
		{1068E61C-D5B5-48AB-80BA-AD5D854D828F}.Rvt_17_Debug|Any CPU.ActiveCfg = Release|Any CPU
		{1068E61C-D5B5-48AB-80BA-AD5D854D828F}.Rvt_17_Debug|Any CPU.Build.0 = Release|Any CPU
		{1068E61C-D5B5-48AB-80BA-AD5D854D828F}.Rvt_17_Release|Any CPU.ActiveCfg = Release|Any CPU
		{1068E61C-D5B5-48AB-80BA-AD5D854D828F}.Rvt_17_Release|Any CPU.Build.0 = Release|Any CPU
		{1068E61C-D5B5-48AB-80BA-AD5D854D828F}.Rvt_18_Debug|Any CPU.ActiveCfg = Release|Any CPU
		{1068E61C-D5B5-48AB-80BA-AD5D854D828F}.Rvt_18_Debug|Any CPU.Build.0 = Release|Any CPU
		{1068E61C-D5B5-48AB-80BA-AD5D854D828F}.Rvt_18_Release|Any CPU.ActiveCfg = Release|Any CPU
		{1068E61C-D5B5-48AB-80BA-AD5D854D828F}.Rvt_18_Release|Any CPU.Build.0 = Release|Any CPU
		{1068E61C-D5B5-48AB-80BA-AD5D854D828F}.Rvt_19_Debug|Any CPU.ActiveCfg = Release|Any CPU
		{1068E61C-D5B5-48AB-80BA-AD5D854D828F}.Rvt_19_Debug|Any CPU.Build.0 = Release|Any CPU
		{1068E61C-D5B5-48AB-80BA-AD5D854D828F}.Rvt_19_Release|Any CPU.ActiveCfg = Release|Any CPU
		{1068E61C-D5B5-48AB-80BA-AD5D854D828F}.Rvt_19_Release|Any CPU.Build.0 = Release|Any CPU
		{1068E61C-D5B5-48AB-80BA-AD5D854D828F}.Rvt_20_Debug|Any CPU.ActiveCfg = Release|Any CPU
		{1068E61C-D5B5-48AB-80BA-AD5D854D828F}.Rvt_20_Debug|Any CPU.Build.0 = Release|Any CPU
		{1068E61C-D5B5-48AB-80BA-AD5D854D828F}.Rvt_20_Release|Any CPU.ActiveCfg = Release|Any CPU
		{1068E61C-D5B5-48AB-80BA-AD5D854D828F}.Rvt_20_Release|Any CPU.Build.0 = Release|Any CPU
		{1068E61C-D5B5-48AB-80BA-AD5D854D828F}.Rvt_21_Debug|Any CPU.ActiveCfg = Release|Any CPU
		{1068E61C-D5B5-48AB-80BA-AD5D854D828F}.Rvt_21_Debug|Any CPU.Build.0 = Release|Any CPU
		{1068E61C-D5B5-48AB-80BA-AD5D854D828F}.Rvt_21_Release|Any CPU.ActiveCfg = Release|Any CPU
		{1068E61C-D5B5-48AB-80BA-AD5D854D828F}.Rvt_21_Release|Any CPU.Build.0 = Release|Any CPU
		{1068E61C-D5B5-48AB-80BA-AD5D854D828F}.Rvt_22_Debug|Any CPU.ActiveCfg = Release|Any CPU
		{1068E61C-D5B5-48AB-80BA-AD5D854D828F}.Rvt_22_Debug|Any CPU.Build.0 = Release|Any CPU
		{1068E61C-D5B5-48AB-80BA-AD5D854D828F}.Rvt_22_Release|Any CPU.ActiveCfg = Release|Any CPU
		{1068E61C-D5B5-48AB-80BA-AD5D854D828F}.Rvt_22_Release|Any CPU.Build.0 = Release|Any CPU
		{1068E61C-D5B5-48AB-80BA-AD5D854D828F}.Rvt_23_Debug|Any CPU.ActiveCfg = Release|Any CPU
		{1068E61C-D5B5-48AB-80BA-AD5D854D828F}.Rvt_23_Debug|Any CPU.Build.0 = Release|Any CPU
		{1068E61C-D5B5-48AB-80BA-AD5D854D828F}.Rvt_23_Release|Any CPU.ActiveCfg = Release|Any CPU
		{1068E61C-D5B5-48AB-80BA-AD5D854D828F}.Rvt_23_Release|Any CPU.Build.0 = Release|Any CPU
		{1068E61C-D5B5-48AB-80BA-AD5D854D828F}.Rvt_24_Debug|Any CPU.ActiveCfg = Release|Any CPU
		{1068E61C-D5B5-48AB-80BA-AD5D854D828F}.Rvt_24_Debug|Any CPU.Build.0 = Release|Any CPU
		{1068E61C-D5B5-48AB-80BA-AD5D854D828F}.Rvt_24_Release|Any CPU.ActiveCfg = Release|Any CPU
		{1068E61C-D5B5-48AB-80BA-AD5D854D828F}.Rvt_24_Release|Any CPU.Build.0 = Release|Any CPU
		{1068E61C-D5B5-48AB-80BA-AD5D854D828F}.Rvt_25_Debug|Any CPU.ActiveCfg = Release|Any CPU
		{1068E61C-D5B5-48AB-80BA-AD5D854D828F}.Rvt_25_Debug|Any CPU.Build.0 = Release|Any CPU
		{1068E61C-D5B5-48AB-80BA-AD5D854D828F}.Rvt_25_Release|Any CPU.ActiveCfg = Release|Any CPU
		{1068E61C-D5B5-48AB-80BA-AD5D854D828F}.Rvt_25_Release|Any CPU.Build.0 = Release|Any CPU
		{C88254D5-E154-4B96-AA6B-B225FFC5DAA7}.Debug|Any CPU.ActiveCfg = Debug|Any CPU
		{C88254D5-E154-4B96-AA6B-B225FFC5DAA7}.Debug|Any CPU.Build.0 = Debug|Any CPU
		{C88254D5-E154-4B96-AA6B-B225FFC5DAA7}.Release|Any CPU.ActiveCfg = Release|Any CPU
		{C88254D5-E154-4B96-AA6B-B225FFC5DAA7}.Release|Any CPU.Build.0 = Release|Any CPU
		{C88254D5-E154-4B96-AA6B-B225FFC5DAA7}.Rvt_16_Debug|Any CPU.ActiveCfg = Release|Any CPU
		{C88254D5-E154-4B96-AA6B-B225FFC5DAA7}.Rvt_16_Debug|Any CPU.Build.0 = Release|Any CPU
		{C88254D5-E154-4B96-AA6B-B225FFC5DAA7}.Rvt_16_Release|Any CPU.ActiveCfg = Release|Any CPU
		{C88254D5-E154-4B96-AA6B-B225FFC5DAA7}.Rvt_16_Release|Any CPU.Build.0 = Release|Any CPU
		{C88254D5-E154-4B96-AA6B-B225FFC5DAA7}.Rvt_17_Debug|Any CPU.ActiveCfg = Release|Any CPU
		{C88254D5-E154-4B96-AA6B-B225FFC5DAA7}.Rvt_17_Debug|Any CPU.Build.0 = Release|Any CPU
		{C88254D5-E154-4B96-AA6B-B225FFC5DAA7}.Rvt_17_Release|Any CPU.ActiveCfg = Release|Any CPU
		{C88254D5-E154-4B96-AA6B-B225FFC5DAA7}.Rvt_17_Release|Any CPU.Build.0 = Release|Any CPU
		{C88254D5-E154-4B96-AA6B-B225FFC5DAA7}.Rvt_18_Debug|Any CPU.ActiveCfg = Release|Any CPU
		{C88254D5-E154-4B96-AA6B-B225FFC5DAA7}.Rvt_18_Debug|Any CPU.Build.0 = Release|Any CPU
		{C88254D5-E154-4B96-AA6B-B225FFC5DAA7}.Rvt_18_Release|Any CPU.ActiveCfg = Release|Any CPU
		{C88254D5-E154-4B96-AA6B-B225FFC5DAA7}.Rvt_18_Release|Any CPU.Build.0 = Release|Any CPU
		{C88254D5-E154-4B96-AA6B-B225FFC5DAA7}.Rvt_19_Debug|Any CPU.ActiveCfg = Release|Any CPU
		{C88254D5-E154-4B96-AA6B-B225FFC5DAA7}.Rvt_19_Debug|Any CPU.Build.0 = Release|Any CPU
		{C88254D5-E154-4B96-AA6B-B225FFC5DAA7}.Rvt_19_Release|Any CPU.ActiveCfg = Release|Any CPU
		{C88254D5-E154-4B96-AA6B-B225FFC5DAA7}.Rvt_19_Release|Any CPU.Build.0 = Release|Any CPU
		{C88254D5-E154-4B96-AA6B-B225FFC5DAA7}.Rvt_20_Debug|Any CPU.ActiveCfg = Release|Any CPU
		{C88254D5-E154-4B96-AA6B-B225FFC5DAA7}.Rvt_20_Debug|Any CPU.Build.0 = Release|Any CPU
		{C88254D5-E154-4B96-AA6B-B225FFC5DAA7}.Rvt_20_Release|Any CPU.ActiveCfg = Release|Any CPU
		{C88254D5-E154-4B96-AA6B-B225FFC5DAA7}.Rvt_20_Release|Any CPU.Build.0 = Release|Any CPU
		{C88254D5-E154-4B96-AA6B-B225FFC5DAA7}.Rvt_21_Debug|Any CPU.ActiveCfg = Release|Any CPU
		{C88254D5-E154-4B96-AA6B-B225FFC5DAA7}.Rvt_21_Debug|Any CPU.Build.0 = Release|Any CPU
		{C88254D5-E154-4B96-AA6B-B225FFC5DAA7}.Rvt_21_Release|Any CPU.ActiveCfg = Release|Any CPU
		{C88254D5-E154-4B96-AA6B-B225FFC5DAA7}.Rvt_21_Release|Any CPU.Build.0 = Release|Any CPU
		{C88254D5-E154-4B96-AA6B-B225FFC5DAA7}.Rvt_22_Debug|Any CPU.ActiveCfg = Release|Any CPU
		{C88254D5-E154-4B96-AA6B-B225FFC5DAA7}.Rvt_22_Debug|Any CPU.Build.0 = Release|Any CPU
		{C88254D5-E154-4B96-AA6B-B225FFC5DAA7}.Rvt_22_Release|Any CPU.ActiveCfg = Release|Any CPU
		{C88254D5-E154-4B96-AA6B-B225FFC5DAA7}.Rvt_22_Release|Any CPU.Build.0 = Release|Any CPU
		{C88254D5-E154-4B96-AA6B-B225FFC5DAA7}.Rvt_23_Debug|Any CPU.ActiveCfg = Release|Any CPU
		{C88254D5-E154-4B96-AA6B-B225FFC5DAA7}.Rvt_23_Debug|Any CPU.Build.0 = Release|Any CPU
		{C88254D5-E154-4B96-AA6B-B225FFC5DAA7}.Rvt_23_Release|Any CPU.ActiveCfg = Release|Any CPU
		{C88254D5-E154-4B96-AA6B-B225FFC5DAA7}.Rvt_23_Release|Any CPU.Build.0 = Release|Any CPU
		{C88254D5-E154-4B96-AA6B-B225FFC5DAA7}.Rvt_24_Debug|Any CPU.ActiveCfg = Release|Any CPU
		{C88254D5-E154-4B96-AA6B-B225FFC5DAA7}.Rvt_24_Debug|Any CPU.Build.0 = Release|Any CPU
		{C88254D5-E154-4B96-AA6B-B225FFC5DAA7}.Rvt_24_Release|Any CPU.ActiveCfg = Release|Any CPU
		{C88254D5-E154-4B96-AA6B-B225FFC5DAA7}.Rvt_24_Release|Any CPU.Build.0 = Release|Any CPU
		{C88254D5-E154-4B96-AA6B-B225FFC5DAA7}.Rvt_25_Debug|Any CPU.ActiveCfg = Release|Any CPU
		{C88254D5-E154-4B96-AA6B-B225FFC5DAA7}.Rvt_25_Debug|Any CPU.Build.0 = Release|Any CPU
		{C88254D5-E154-4B96-AA6B-B225FFC5DAA7}.Rvt_25_Release|Any CPU.ActiveCfg = Release|Any CPU
		{C88254D5-E154-4B96-AA6B-B225FFC5DAA7}.Rvt_25_Release|Any CPU.Build.0 = Release|Any CPU
		{158F038C-33C0-4DAB-825D-CE49D9ED6BAB}.Debug|Any CPU.ActiveCfg = Debug|Any CPU
		{158F038C-33C0-4DAB-825D-CE49D9ED6BAB}.Debug|Any CPU.Build.0 = Debug|Any CPU
		{158F038C-33C0-4DAB-825D-CE49D9ED6BAB}.Release|Any CPU.ActiveCfg = Release|Any CPU
		{158F038C-33C0-4DAB-825D-CE49D9ED6BAB}.Release|Any CPU.Build.0 = Release|Any CPU
		{158F038C-33C0-4DAB-825D-CE49D9ED6BAB}.Rvt_16_Debug|Any CPU.ActiveCfg = Release|Any CPU
		{158F038C-33C0-4DAB-825D-CE49D9ED6BAB}.Rvt_16_Debug|Any CPU.Build.0 = Release|Any CPU
		{158F038C-33C0-4DAB-825D-CE49D9ED6BAB}.Rvt_16_Release|Any CPU.ActiveCfg = Release|Any CPU
		{158F038C-33C0-4DAB-825D-CE49D9ED6BAB}.Rvt_16_Release|Any CPU.Build.0 = Release|Any CPU
		{158F038C-33C0-4DAB-825D-CE49D9ED6BAB}.Rvt_17_Debug|Any CPU.ActiveCfg = Release|Any CPU
		{158F038C-33C0-4DAB-825D-CE49D9ED6BAB}.Rvt_17_Debug|Any CPU.Build.0 = Release|Any CPU
		{158F038C-33C0-4DAB-825D-CE49D9ED6BAB}.Rvt_17_Release|Any CPU.ActiveCfg = Release|Any CPU
		{158F038C-33C0-4DAB-825D-CE49D9ED6BAB}.Rvt_17_Release|Any CPU.Build.0 = Release|Any CPU
		{158F038C-33C0-4DAB-825D-CE49D9ED6BAB}.Rvt_18_Debug|Any CPU.ActiveCfg = Release|Any CPU
		{158F038C-33C0-4DAB-825D-CE49D9ED6BAB}.Rvt_18_Debug|Any CPU.Build.0 = Release|Any CPU
		{158F038C-33C0-4DAB-825D-CE49D9ED6BAB}.Rvt_18_Release|Any CPU.ActiveCfg = Release|Any CPU
		{158F038C-33C0-4DAB-825D-CE49D9ED6BAB}.Rvt_18_Release|Any CPU.Build.0 = Release|Any CPU
		{158F038C-33C0-4DAB-825D-CE49D9ED6BAB}.Rvt_19_Debug|Any CPU.ActiveCfg = Release|Any CPU
		{158F038C-33C0-4DAB-825D-CE49D9ED6BAB}.Rvt_19_Debug|Any CPU.Build.0 = Release|Any CPU
		{158F038C-33C0-4DAB-825D-CE49D9ED6BAB}.Rvt_19_Release|Any CPU.ActiveCfg = Release|Any CPU
		{158F038C-33C0-4DAB-825D-CE49D9ED6BAB}.Rvt_19_Release|Any CPU.Build.0 = Release|Any CPU
		{158F038C-33C0-4DAB-825D-CE49D9ED6BAB}.Rvt_20_Debug|Any CPU.ActiveCfg = Release|Any CPU
		{158F038C-33C0-4DAB-825D-CE49D9ED6BAB}.Rvt_20_Debug|Any CPU.Build.0 = Release|Any CPU
		{158F038C-33C0-4DAB-825D-CE49D9ED6BAB}.Rvt_20_Release|Any CPU.ActiveCfg = Release|Any CPU
		{158F038C-33C0-4DAB-825D-CE49D9ED6BAB}.Rvt_20_Release|Any CPU.Build.0 = Release|Any CPU
		{158F038C-33C0-4DAB-825D-CE49D9ED6BAB}.Rvt_21_Debug|Any CPU.ActiveCfg = Release|Any CPU
		{158F038C-33C0-4DAB-825D-CE49D9ED6BAB}.Rvt_21_Debug|Any CPU.Build.0 = Release|Any CPU
		{158F038C-33C0-4DAB-825D-CE49D9ED6BAB}.Rvt_21_Release|Any CPU.ActiveCfg = Release|Any CPU
		{158F038C-33C0-4DAB-825D-CE49D9ED6BAB}.Rvt_21_Release|Any CPU.Build.0 = Release|Any CPU
		{158F038C-33C0-4DAB-825D-CE49D9ED6BAB}.Rvt_22_Debug|Any CPU.ActiveCfg = Release|Any CPU
		{158F038C-33C0-4DAB-825D-CE49D9ED6BAB}.Rvt_22_Debug|Any CPU.Build.0 = Release|Any CPU
		{158F038C-33C0-4DAB-825D-CE49D9ED6BAB}.Rvt_22_Release|Any CPU.ActiveCfg = Release|Any CPU
		{158F038C-33C0-4DAB-825D-CE49D9ED6BAB}.Rvt_22_Release|Any CPU.Build.0 = Release|Any CPU
		{158F038C-33C0-4DAB-825D-CE49D9ED6BAB}.Rvt_23_Debug|Any CPU.ActiveCfg = Release|Any CPU
		{158F038C-33C0-4DAB-825D-CE49D9ED6BAB}.Rvt_23_Debug|Any CPU.Build.0 = Release|Any CPU
		{158F038C-33C0-4DAB-825D-CE49D9ED6BAB}.Rvt_23_Release|Any CPU.ActiveCfg = Release|Any CPU
		{158F038C-33C0-4DAB-825D-CE49D9ED6BAB}.Rvt_23_Release|Any CPU.Build.0 = Release|Any CPU
		{158F038C-33C0-4DAB-825D-CE49D9ED6BAB}.Rvt_24_Debug|Any CPU.ActiveCfg = Release|Any CPU
		{158F038C-33C0-4DAB-825D-CE49D9ED6BAB}.Rvt_24_Debug|Any CPU.Build.0 = Release|Any CPU
		{158F038C-33C0-4DAB-825D-CE49D9ED6BAB}.Rvt_24_Release|Any CPU.ActiveCfg = Release|Any CPU
		{158F038C-33C0-4DAB-825D-CE49D9ED6BAB}.Rvt_24_Release|Any CPU.Build.0 = Release|Any CPU
		{158F038C-33C0-4DAB-825D-CE49D9ED6BAB}.Rvt_25_Debug|Any CPU.ActiveCfg = Release|Any CPU
		{158F038C-33C0-4DAB-825D-CE49D9ED6BAB}.Rvt_25_Debug|Any CPU.Build.0 = Release|Any CPU
		{158F038C-33C0-4DAB-825D-CE49D9ED6BAB}.Rvt_25_Release|Any CPU.ActiveCfg = Release|Any CPU
		{158F038C-33C0-4DAB-825D-CE49D9ED6BAB}.Rvt_25_Release|Any CPU.Build.0 = Release|Any CPU
		{55341B98-CED4-4932-894A-0E84602590EF}.Debug|Any CPU.ActiveCfg = Debug|Any CPU
		{55341B98-CED4-4932-894A-0E84602590EF}.Debug|Any CPU.Build.0 = Debug|Any CPU
		{55341B98-CED4-4932-894A-0E84602590EF}.Release|Any CPU.ActiveCfg = Release|Any CPU
		{55341B98-CED4-4932-894A-0E84602590EF}.Release|Any CPU.Build.0 = Release|Any CPU
		{55341B98-CED4-4932-894A-0E84602590EF}.Rvt_16_Debug|Any CPU.ActiveCfg = Release|Any CPU
		{55341B98-CED4-4932-894A-0E84602590EF}.Rvt_16_Debug|Any CPU.Build.0 = Release|Any CPU
		{55341B98-CED4-4932-894A-0E84602590EF}.Rvt_16_Release|Any CPU.ActiveCfg = Release|Any CPU
		{55341B98-CED4-4932-894A-0E84602590EF}.Rvt_16_Release|Any CPU.Build.0 = Release|Any CPU
		{55341B98-CED4-4932-894A-0E84602590EF}.Rvt_17_Debug|Any CPU.ActiveCfg = Release|Any CPU
		{55341B98-CED4-4932-894A-0E84602590EF}.Rvt_17_Debug|Any CPU.Build.0 = Release|Any CPU
		{55341B98-CED4-4932-894A-0E84602590EF}.Rvt_17_Release|Any CPU.ActiveCfg = Release|Any CPU
		{55341B98-CED4-4932-894A-0E84602590EF}.Rvt_17_Release|Any CPU.Build.0 = Release|Any CPU
		{55341B98-CED4-4932-894A-0E84602590EF}.Rvt_18_Debug|Any CPU.ActiveCfg = Release|Any CPU
		{55341B98-CED4-4932-894A-0E84602590EF}.Rvt_18_Debug|Any CPU.Build.0 = Release|Any CPU
		{55341B98-CED4-4932-894A-0E84602590EF}.Rvt_18_Release|Any CPU.ActiveCfg = Release|Any CPU
		{55341B98-CED4-4932-894A-0E84602590EF}.Rvt_18_Release|Any CPU.Build.0 = Release|Any CPU
		{55341B98-CED4-4932-894A-0E84602590EF}.Rvt_19_Debug|Any CPU.ActiveCfg = Release|Any CPU
		{55341B98-CED4-4932-894A-0E84602590EF}.Rvt_19_Debug|Any CPU.Build.0 = Release|Any CPU
		{55341B98-CED4-4932-894A-0E84602590EF}.Rvt_19_Release|Any CPU.ActiveCfg = Release|Any CPU
		{55341B98-CED4-4932-894A-0E84602590EF}.Rvt_19_Release|Any CPU.Build.0 = Release|Any CPU
		{55341B98-CED4-4932-894A-0E84602590EF}.Rvt_20_Debug|Any CPU.ActiveCfg = Release|Any CPU
		{55341B98-CED4-4932-894A-0E84602590EF}.Rvt_20_Debug|Any CPU.Build.0 = Release|Any CPU
		{55341B98-CED4-4932-894A-0E84602590EF}.Rvt_20_Release|Any CPU.ActiveCfg = Release|Any CPU
		{55341B98-CED4-4932-894A-0E84602590EF}.Rvt_20_Release|Any CPU.Build.0 = Release|Any CPU
		{55341B98-CED4-4932-894A-0E84602590EF}.Rvt_21_Debug|Any CPU.ActiveCfg = Release|Any CPU
		{55341B98-CED4-4932-894A-0E84602590EF}.Rvt_21_Debug|Any CPU.Build.0 = Release|Any CPU
		{55341B98-CED4-4932-894A-0E84602590EF}.Rvt_21_Release|Any CPU.ActiveCfg = Release|Any CPU
		{55341B98-CED4-4932-894A-0E84602590EF}.Rvt_21_Release|Any CPU.Build.0 = Release|Any CPU
		{55341B98-CED4-4932-894A-0E84602590EF}.Rvt_22_Debug|Any CPU.ActiveCfg = Release|Any CPU
		{55341B98-CED4-4932-894A-0E84602590EF}.Rvt_22_Debug|Any CPU.Build.0 = Release|Any CPU
		{55341B98-CED4-4932-894A-0E84602590EF}.Rvt_22_Release|Any CPU.ActiveCfg = Release|Any CPU
		{55341B98-CED4-4932-894A-0E84602590EF}.Rvt_22_Release|Any CPU.Build.0 = Release|Any CPU
		{55341B98-CED4-4932-894A-0E84602590EF}.Rvt_23_Debug|Any CPU.ActiveCfg = Release|Any CPU
		{55341B98-CED4-4932-894A-0E84602590EF}.Rvt_23_Debug|Any CPU.Build.0 = Release|Any CPU
		{55341B98-CED4-4932-894A-0E84602590EF}.Rvt_23_Release|Any CPU.ActiveCfg = Release|Any CPU
		{55341B98-CED4-4932-894A-0E84602590EF}.Rvt_23_Release|Any CPU.Build.0 = Release|Any CPU
		{55341B98-CED4-4932-894A-0E84602590EF}.Rvt_24_Debug|Any CPU.ActiveCfg = Release|Any CPU
		{55341B98-CED4-4932-894A-0E84602590EF}.Rvt_24_Debug|Any CPU.Build.0 = Release|Any CPU
		{55341B98-CED4-4932-894A-0E84602590EF}.Rvt_24_Release|Any CPU.ActiveCfg = Release|Any CPU
		{55341B98-CED4-4932-894A-0E84602590EF}.Rvt_24_Release|Any CPU.Build.0 = Release|Any CPU
		{55341B98-CED4-4932-894A-0E84602590EF}.Rvt_25_Debug|Any CPU.ActiveCfg = Release|Any CPU
		{55341B98-CED4-4932-894A-0E84602590EF}.Rvt_25_Debug|Any CPU.Build.0 = Release|Any CPU
		{55341B98-CED4-4932-894A-0E84602590EF}.Rvt_25_Release|Any CPU.ActiveCfg = Release|Any CPU
		{55341B98-CED4-4932-894A-0E84602590EF}.Rvt_25_Release|Any CPU.Build.0 = Release|Any CPU
		{D9B15625-E469-46E8-BD8B-226A47CED90C}.Debug|Any CPU.ActiveCfg = Debug|Any CPU
		{D9B15625-E469-46E8-BD8B-226A47CED90C}.Debug|Any CPU.Build.0 = Debug|Any CPU
		{D9B15625-E469-46E8-BD8B-226A47CED90C}.Release|Any CPU.ActiveCfg = Release|Any CPU
		{D9B15625-E469-46E8-BD8B-226A47CED90C}.Release|Any CPU.Build.0 = Release|Any CPU
		{D9B15625-E469-46E8-BD8B-226A47CED90C}.Rvt_16_Debug|Any CPU.ActiveCfg = Release|Any CPU
		{D9B15625-E469-46E8-BD8B-226A47CED90C}.Rvt_16_Debug|Any CPU.Build.0 = Release|Any CPU
		{D9B15625-E469-46E8-BD8B-226A47CED90C}.Rvt_16_Release|Any CPU.ActiveCfg = Release|Any CPU
		{D9B15625-E469-46E8-BD8B-226A47CED90C}.Rvt_16_Release|Any CPU.Build.0 = Release|Any CPU
		{D9B15625-E469-46E8-BD8B-226A47CED90C}.Rvt_17_Debug|Any CPU.ActiveCfg = Release|Any CPU
		{D9B15625-E469-46E8-BD8B-226A47CED90C}.Rvt_17_Debug|Any CPU.Build.0 = Release|Any CPU
		{D9B15625-E469-46E8-BD8B-226A47CED90C}.Rvt_17_Release|Any CPU.ActiveCfg = Release|Any CPU
		{D9B15625-E469-46E8-BD8B-226A47CED90C}.Rvt_17_Release|Any CPU.Build.0 = Release|Any CPU
		{D9B15625-E469-46E8-BD8B-226A47CED90C}.Rvt_18_Debug|Any CPU.ActiveCfg = Release|Any CPU
		{D9B15625-E469-46E8-BD8B-226A47CED90C}.Rvt_18_Debug|Any CPU.Build.0 = Release|Any CPU
		{D9B15625-E469-46E8-BD8B-226A47CED90C}.Rvt_18_Release|Any CPU.ActiveCfg = Release|Any CPU
		{D9B15625-E469-46E8-BD8B-226A47CED90C}.Rvt_18_Release|Any CPU.Build.0 = Release|Any CPU
		{D9B15625-E469-46E8-BD8B-226A47CED90C}.Rvt_19_Debug|Any CPU.ActiveCfg = Release|Any CPU
		{D9B15625-E469-46E8-BD8B-226A47CED90C}.Rvt_19_Debug|Any CPU.Build.0 = Release|Any CPU
		{D9B15625-E469-46E8-BD8B-226A47CED90C}.Rvt_19_Release|Any CPU.ActiveCfg = Release|Any CPU
		{D9B15625-E469-46E8-BD8B-226A47CED90C}.Rvt_19_Release|Any CPU.Build.0 = Release|Any CPU
		{D9B15625-E469-46E8-BD8B-226A47CED90C}.Rvt_20_Debug|Any CPU.ActiveCfg = Release|Any CPU
		{D9B15625-E469-46E8-BD8B-226A47CED90C}.Rvt_20_Debug|Any CPU.Build.0 = Release|Any CPU
		{D9B15625-E469-46E8-BD8B-226A47CED90C}.Rvt_20_Release|Any CPU.ActiveCfg = Release|Any CPU
		{D9B15625-E469-46E8-BD8B-226A47CED90C}.Rvt_20_Release|Any CPU.Build.0 = Release|Any CPU
		{D9B15625-E469-46E8-BD8B-226A47CED90C}.Rvt_21_Debug|Any CPU.ActiveCfg = Release|Any CPU
		{D9B15625-E469-46E8-BD8B-226A47CED90C}.Rvt_21_Debug|Any CPU.Build.0 = Release|Any CPU
		{D9B15625-E469-46E8-BD8B-226A47CED90C}.Rvt_21_Release|Any CPU.ActiveCfg = Release|Any CPU
		{D9B15625-E469-46E8-BD8B-226A47CED90C}.Rvt_21_Release|Any CPU.Build.0 = Release|Any CPU
		{D9B15625-E469-46E8-BD8B-226A47CED90C}.Rvt_22_Debug|Any CPU.ActiveCfg = Release|Any CPU
		{D9B15625-E469-46E8-BD8B-226A47CED90C}.Rvt_22_Debug|Any CPU.Build.0 = Release|Any CPU
		{D9B15625-E469-46E8-BD8B-226A47CED90C}.Rvt_22_Release|Any CPU.ActiveCfg = Release|Any CPU
		{D9B15625-E469-46E8-BD8B-226A47CED90C}.Rvt_22_Release|Any CPU.Build.0 = Release|Any CPU
		{D9B15625-E469-46E8-BD8B-226A47CED90C}.Rvt_23_Debug|Any CPU.ActiveCfg = Release|Any CPU
		{D9B15625-E469-46E8-BD8B-226A47CED90C}.Rvt_23_Debug|Any CPU.Build.0 = Release|Any CPU
		{D9B15625-E469-46E8-BD8B-226A47CED90C}.Rvt_23_Release|Any CPU.ActiveCfg = Release|Any CPU
		{D9B15625-E469-46E8-BD8B-226A47CED90C}.Rvt_23_Release|Any CPU.Build.0 = Release|Any CPU
		{D9B15625-E469-46E8-BD8B-226A47CED90C}.Rvt_24_Debug|Any CPU.ActiveCfg = Release|Any CPU
		{D9B15625-E469-46E8-BD8B-226A47CED90C}.Rvt_24_Debug|Any CPU.Build.0 = Release|Any CPU
		{D9B15625-E469-46E8-BD8B-226A47CED90C}.Rvt_24_Release|Any CPU.ActiveCfg = Release|Any CPU
		{D9B15625-E469-46E8-BD8B-226A47CED90C}.Rvt_24_Release|Any CPU.Build.0 = Release|Any CPU
		{D9B15625-E469-46E8-BD8B-226A47CED90C}.Rvt_25_Debug|Any CPU.ActiveCfg = Release|Any CPU
		{D9B15625-E469-46E8-BD8B-226A47CED90C}.Rvt_25_Debug|Any CPU.Build.0 = Release|Any CPU
		{D9B15625-E469-46E8-BD8B-226A47CED90C}.Rvt_25_Release|Any CPU.ActiveCfg = Release|Any CPU
		{D9B15625-E469-46E8-BD8B-226A47CED90C}.Rvt_25_Release|Any CPU.Build.0 = Release|Any CPU
		{29272593-86D6-4D3B-B0A6-4B6CB361D19B}.Debug|Any CPU.ActiveCfg = Debug|Any CPU
		{29272593-86D6-4D3B-B0A6-4B6CB361D19B}.Debug|Any CPU.Build.0 = Debug|Any CPU
		{29272593-86D6-4D3B-B0A6-4B6CB361D19B}.Release|Any CPU.ActiveCfg = Release|Any CPU
		{29272593-86D6-4D3B-B0A6-4B6CB361D19B}.Release|Any CPU.Build.0 = Release|Any CPU
		{29272593-86D6-4D3B-B0A6-4B6CB361D19B}.Rvt_16_Debug|Any CPU.ActiveCfg = Rvt_16_Debug|Any CPU
		{29272593-86D6-4D3B-B0A6-4B6CB361D19B}.Rvt_16_Debug|Any CPU.Build.0 = Rvt_16_Debug|Any CPU
		{29272593-86D6-4D3B-B0A6-4B6CB361D19B}.Rvt_16_Release|Any CPU.ActiveCfg = Rvt_16_Release|Any CPU
		{29272593-86D6-4D3B-B0A6-4B6CB361D19B}.Rvt_16_Release|Any CPU.Build.0 = Rvt_16_Release|Any CPU
		{29272593-86D6-4D3B-B0A6-4B6CB361D19B}.Rvt_17_Debug|Any CPU.ActiveCfg = Rvt_17_Debug|Any CPU
		{29272593-86D6-4D3B-B0A6-4B6CB361D19B}.Rvt_17_Debug|Any CPU.Build.0 = Rvt_17_Debug|Any CPU
		{29272593-86D6-4D3B-B0A6-4B6CB361D19B}.Rvt_17_Release|Any CPU.ActiveCfg = Rvt_17_Release|Any CPU
		{29272593-86D6-4D3B-B0A6-4B6CB361D19B}.Rvt_17_Release|Any CPU.Build.0 = Rvt_17_Release|Any CPU
		{29272593-86D6-4D3B-B0A6-4B6CB361D19B}.Rvt_18_Debug|Any CPU.ActiveCfg = Rvt_18_Debug|Any CPU
		{29272593-86D6-4D3B-B0A6-4B6CB361D19B}.Rvt_18_Debug|Any CPU.Build.0 = Rvt_18_Debug|Any CPU
		{29272593-86D6-4D3B-B0A6-4B6CB361D19B}.Rvt_18_Release|Any CPU.ActiveCfg = Rvt_18_Release|Any CPU
		{29272593-86D6-4D3B-B0A6-4B6CB361D19B}.Rvt_18_Release|Any CPU.Build.0 = Rvt_18_Release|Any CPU
		{29272593-86D6-4D3B-B0A6-4B6CB361D19B}.Rvt_19_Debug|Any CPU.ActiveCfg = Rvt_19_Debug|Any CPU
		{29272593-86D6-4D3B-B0A6-4B6CB361D19B}.Rvt_19_Debug|Any CPU.Build.0 = Rvt_19_Debug|Any CPU
		{29272593-86D6-4D3B-B0A6-4B6CB361D19B}.Rvt_19_Release|Any CPU.ActiveCfg = Rvt_19_Release|Any CPU
		{29272593-86D6-4D3B-B0A6-4B6CB361D19B}.Rvt_19_Release|Any CPU.Build.0 = Rvt_19_Release|Any CPU
		{29272593-86D6-4D3B-B0A6-4B6CB361D19B}.Rvt_20_Debug|Any CPU.ActiveCfg = Rvt_20_Debug|Any CPU
		{29272593-86D6-4D3B-B0A6-4B6CB361D19B}.Rvt_20_Debug|Any CPU.Build.0 = Rvt_20_Debug|Any CPU
		{29272593-86D6-4D3B-B0A6-4B6CB361D19B}.Rvt_20_Release|Any CPU.ActiveCfg = Rvt_20_Release|Any CPU
		{29272593-86D6-4D3B-B0A6-4B6CB361D19B}.Rvt_20_Release|Any CPU.Build.0 = Rvt_20_Release|Any CPU
		{29272593-86D6-4D3B-B0A6-4B6CB361D19B}.Rvt_21_Debug|Any CPU.ActiveCfg = Rvt_21_Debug|Any CPU
		{29272593-86D6-4D3B-B0A6-4B6CB361D19B}.Rvt_21_Debug|Any CPU.Build.0 = Rvt_21_Debug|Any CPU
		{29272593-86D6-4D3B-B0A6-4B6CB361D19B}.Rvt_21_Release|Any CPU.ActiveCfg = Rvt_21_Release|Any CPU
		{29272593-86D6-4D3B-B0A6-4B6CB361D19B}.Rvt_21_Release|Any CPU.Build.0 = Rvt_21_Release|Any CPU
		{29272593-86D6-4D3B-B0A6-4B6CB361D19B}.Rvt_22_Debug|Any CPU.ActiveCfg = Rvt_22_Debug|Any CPU
		{29272593-86D6-4D3B-B0A6-4B6CB361D19B}.Rvt_22_Debug|Any CPU.Build.0 = Rvt_22_Debug|Any CPU
		{29272593-86D6-4D3B-B0A6-4B6CB361D19B}.Rvt_22_Release|Any CPU.ActiveCfg = Rvt_22_Release|Any CPU
		{29272593-86D6-4D3B-B0A6-4B6CB361D19B}.Rvt_22_Release|Any CPU.Build.0 = Rvt_22_Release|Any CPU
		{29272593-86D6-4D3B-B0A6-4B6CB361D19B}.Rvt_23_Debug|Any CPU.ActiveCfg = Rvt_23_Debug|Any CPU
		{29272593-86D6-4D3B-B0A6-4B6CB361D19B}.Rvt_23_Debug|Any CPU.Build.0 = Rvt_23_Debug|Any CPU
		{29272593-86D6-4D3B-B0A6-4B6CB361D19B}.Rvt_23_Release|Any CPU.ActiveCfg = Rvt_23_Release|Any CPU
		{29272593-86D6-4D3B-B0A6-4B6CB361D19B}.Rvt_23_Release|Any CPU.Build.0 = Rvt_23_Release|Any CPU
		{29272593-86D6-4D3B-B0A6-4B6CB361D19B}.Rvt_24_Debug|Any CPU.ActiveCfg = Rvt_24_Debug|Any CPU
		{29272593-86D6-4D3B-B0A6-4B6CB361D19B}.Rvt_24_Debug|Any CPU.Build.0 = Rvt_24_Debug|Any CPU
		{29272593-86D6-4D3B-B0A6-4B6CB361D19B}.Rvt_24_Release|Any CPU.ActiveCfg = Rvt_24_Release|Any CPU
		{29272593-86D6-4D3B-B0A6-4B6CB361D19B}.Rvt_24_Release|Any CPU.Build.0 = Rvt_24_Release|Any CPU
		{29272593-86D6-4D3B-B0A6-4B6CB361D19B}.Rvt_25_Debug|Any CPU.ActiveCfg = Rvt_25_Debug|Any CPU
		{29272593-86D6-4D3B-B0A6-4B6CB361D19B}.Rvt_25_Debug|Any CPU.Build.0 = Rvt_25_Debug|Any CPU
		{29272593-86D6-4D3B-B0A6-4B6CB361D19B}.Rvt_25_Release|Any CPU.ActiveCfg = Rvt_25_Release|Any CPU
		{29272593-86D6-4D3B-B0A6-4B6CB361D19B}.Rvt_25_Release|Any CPU.Build.0 = Rvt_25_Release|Any CPU
		{682799DF-17E6-4AF4-A4D7-1AE9B0F8AB58}.Debug|Any CPU.ActiveCfg = Debug|Any CPU
		{682799DF-17E6-4AF4-A4D7-1AE9B0F8AB58}.Debug|Any CPU.Build.0 = Debug|Any CPU
		{682799DF-17E6-4AF4-A4D7-1AE9B0F8AB58}.Release|Any CPU.ActiveCfg = Release|Any CPU
		{682799DF-17E6-4AF4-A4D7-1AE9B0F8AB58}.Release|Any CPU.Build.0 = Release|Any CPU
		{682799DF-17E6-4AF4-A4D7-1AE9B0F8AB58}.Rvt_16_Debug|Any CPU.ActiveCfg = Rvt_16_Debug|Any CPU
		{682799DF-17E6-4AF4-A4D7-1AE9B0F8AB58}.Rvt_16_Debug|Any CPU.Build.0 = Rvt_16_Debug|Any CPU
		{682799DF-17E6-4AF4-A4D7-1AE9B0F8AB58}.Rvt_16_Release|Any CPU.ActiveCfg = Rvt_16_Release|Any CPU
		{682799DF-17E6-4AF4-A4D7-1AE9B0F8AB58}.Rvt_16_Release|Any CPU.Build.0 = Rvt_16_Release|Any CPU
		{682799DF-17E6-4AF4-A4D7-1AE9B0F8AB58}.Rvt_17_Debug|Any CPU.ActiveCfg = Rvt_17_Debug|Any CPU
		{682799DF-17E6-4AF4-A4D7-1AE9B0F8AB58}.Rvt_17_Debug|Any CPU.Build.0 = Rvt_17_Debug|Any CPU
		{682799DF-17E6-4AF4-A4D7-1AE9B0F8AB58}.Rvt_17_Release|Any CPU.ActiveCfg = Rvt_17_Release|Any CPU
		{682799DF-17E6-4AF4-A4D7-1AE9B0F8AB58}.Rvt_17_Release|Any CPU.Build.0 = Rvt_17_Release|Any CPU
		{682799DF-17E6-4AF4-A4D7-1AE9B0F8AB58}.Rvt_18_Debug|Any CPU.ActiveCfg = Rvt_18_Debug|Any CPU
		{682799DF-17E6-4AF4-A4D7-1AE9B0F8AB58}.Rvt_18_Debug|Any CPU.Build.0 = Rvt_18_Debug|Any CPU
		{682799DF-17E6-4AF4-A4D7-1AE9B0F8AB58}.Rvt_18_Release|Any CPU.ActiveCfg = Rvt_18_Release|Any CPU
		{682799DF-17E6-4AF4-A4D7-1AE9B0F8AB58}.Rvt_18_Release|Any CPU.Build.0 = Rvt_18_Release|Any CPU
		{682799DF-17E6-4AF4-A4D7-1AE9B0F8AB58}.Rvt_19_Debug|Any CPU.ActiveCfg = Rvt_19_Debug|Any CPU
		{682799DF-17E6-4AF4-A4D7-1AE9B0F8AB58}.Rvt_19_Debug|Any CPU.Build.0 = Rvt_19_Debug|Any CPU
		{682799DF-17E6-4AF4-A4D7-1AE9B0F8AB58}.Rvt_19_Release|Any CPU.ActiveCfg = Rvt_19_Release|Any CPU
		{682799DF-17E6-4AF4-A4D7-1AE9B0F8AB58}.Rvt_19_Release|Any CPU.Build.0 = Rvt_19_Release|Any CPU
		{682799DF-17E6-4AF4-A4D7-1AE9B0F8AB58}.Rvt_20_Debug|Any CPU.ActiveCfg = Rvt_20_Debug|Any CPU
		{682799DF-17E6-4AF4-A4D7-1AE9B0F8AB58}.Rvt_20_Debug|Any CPU.Build.0 = Rvt_20_Debug|Any CPU
		{682799DF-17E6-4AF4-A4D7-1AE9B0F8AB58}.Rvt_20_Release|Any CPU.ActiveCfg = Rvt_20_Release|Any CPU
		{682799DF-17E6-4AF4-A4D7-1AE9B0F8AB58}.Rvt_20_Release|Any CPU.Build.0 = Rvt_20_Release|Any CPU
		{682799DF-17E6-4AF4-A4D7-1AE9B0F8AB58}.Rvt_21_Debug|Any CPU.ActiveCfg = Rvt_21_Debug|Any CPU
		{682799DF-17E6-4AF4-A4D7-1AE9B0F8AB58}.Rvt_21_Debug|Any CPU.Build.0 = Rvt_21_Debug|Any CPU
		{682799DF-17E6-4AF4-A4D7-1AE9B0F8AB58}.Rvt_21_Release|Any CPU.ActiveCfg = Rvt_21_Release|Any CPU
		{682799DF-17E6-4AF4-A4D7-1AE9B0F8AB58}.Rvt_21_Release|Any CPU.Build.0 = Rvt_21_Release|Any CPU
		{682799DF-17E6-4AF4-A4D7-1AE9B0F8AB58}.Rvt_22_Debug|Any CPU.ActiveCfg = Rvt_22_Debug|Any CPU
		{682799DF-17E6-4AF4-A4D7-1AE9B0F8AB58}.Rvt_22_Debug|Any CPU.Build.0 = Rvt_22_Debug|Any CPU
		{682799DF-17E6-4AF4-A4D7-1AE9B0F8AB58}.Rvt_22_Release|Any CPU.ActiveCfg = Rvt_22_Release|Any CPU
		{682799DF-17E6-4AF4-A4D7-1AE9B0F8AB58}.Rvt_22_Release|Any CPU.Build.0 = Rvt_22_Release|Any CPU
		{682799DF-17E6-4AF4-A4D7-1AE9B0F8AB58}.Rvt_23_Debug|Any CPU.ActiveCfg = Rvt_23_Debug|Any CPU
		{682799DF-17E6-4AF4-A4D7-1AE9B0F8AB58}.Rvt_23_Debug|Any CPU.Build.0 = Rvt_23_Debug|Any CPU
		{682799DF-17E6-4AF4-A4D7-1AE9B0F8AB58}.Rvt_23_Release|Any CPU.ActiveCfg = Rvt_23_Release|Any CPU
		{682799DF-17E6-4AF4-A4D7-1AE9B0F8AB58}.Rvt_23_Release|Any CPU.Build.0 = Rvt_23_Release|Any CPU
		{682799DF-17E6-4AF4-A4D7-1AE9B0F8AB58}.Rvt_24_Debug|Any CPU.ActiveCfg = Rvt_24_Debug|Any CPU
		{682799DF-17E6-4AF4-A4D7-1AE9B0F8AB58}.Rvt_24_Debug|Any CPU.Build.0 = Rvt_24_Debug|Any CPU
		{682799DF-17E6-4AF4-A4D7-1AE9B0F8AB58}.Rvt_24_Release|Any CPU.ActiveCfg = Rvt_24_Release|Any CPU
		{682799DF-17E6-4AF4-A4D7-1AE9B0F8AB58}.Rvt_24_Release|Any CPU.Build.0 = Rvt_24_Release|Any CPU
		{682799DF-17E6-4AF4-A4D7-1AE9B0F8AB58}.Rvt_25_Debug|Any CPU.ActiveCfg = Rvt_25_Debug|Any CPU
		{682799DF-17E6-4AF4-A4D7-1AE9B0F8AB58}.Rvt_25_Debug|Any CPU.Build.0 = Rvt_25_Debug|Any CPU
		{682799DF-17E6-4AF4-A4D7-1AE9B0F8AB58}.Rvt_25_Release|Any CPU.ActiveCfg = Rvt_25_Release|Any CPU
		{682799DF-17E6-4AF4-A4D7-1AE9B0F8AB58}.Rvt_25_Release|Any CPU.Build.0 = Rvt_25_Release|Any CPU
		{F039C9B0-4CCC-4986-90BE-6B94CA0917DE}.Debug|Any CPU.ActiveCfg = Debug|Any CPU
		{F039C9B0-4CCC-4986-90BE-6B94CA0917DE}.Debug|Any CPU.Build.0 = Debug|Any CPU
		{F039C9B0-4CCC-4986-90BE-6B94CA0917DE}.Release|Any CPU.ActiveCfg = Release|Any CPU
		{F039C9B0-4CCC-4986-90BE-6B94CA0917DE}.Release|Any CPU.Build.0 = Release|Any CPU
		{F039C9B0-4CCC-4986-90BE-6B94CA0917DE}.Rvt_16_Debug|Any CPU.ActiveCfg = Rvt_16_Debug|Any CPU
		{F039C9B0-4CCC-4986-90BE-6B94CA0917DE}.Rvt_16_Debug|Any CPU.Build.0 = Rvt_16_Debug|Any CPU
		{F039C9B0-4CCC-4986-90BE-6B94CA0917DE}.Rvt_16_Release|Any CPU.ActiveCfg = Rvt_16_Release|Any CPU
		{F039C9B0-4CCC-4986-90BE-6B94CA0917DE}.Rvt_16_Release|Any CPU.Build.0 = Rvt_16_Release|Any CPU
		{F039C9B0-4CCC-4986-90BE-6B94CA0917DE}.Rvt_17_Debug|Any CPU.ActiveCfg = Rvt_17_Debug|Any CPU
		{F039C9B0-4CCC-4986-90BE-6B94CA0917DE}.Rvt_17_Debug|Any CPU.Build.0 = Rvt_17_Debug|Any CPU
		{F039C9B0-4CCC-4986-90BE-6B94CA0917DE}.Rvt_17_Release|Any CPU.ActiveCfg = Rvt_17_Release|Any CPU
		{F039C9B0-4CCC-4986-90BE-6B94CA0917DE}.Rvt_17_Release|Any CPU.Build.0 = Rvt_17_Release|Any CPU
		{F039C9B0-4CCC-4986-90BE-6B94CA0917DE}.Rvt_18_Debug|Any CPU.ActiveCfg = Rvt_18_Debug|Any CPU
		{F039C9B0-4CCC-4986-90BE-6B94CA0917DE}.Rvt_18_Debug|Any CPU.Build.0 = Rvt_18_Debug|Any CPU
		{F039C9B0-4CCC-4986-90BE-6B94CA0917DE}.Rvt_18_Release|Any CPU.ActiveCfg = Rvt_18_Release|Any CPU
		{F039C9B0-4CCC-4986-90BE-6B94CA0917DE}.Rvt_18_Release|Any CPU.Build.0 = Rvt_18_Release|Any CPU
		{F039C9B0-4CCC-4986-90BE-6B94CA0917DE}.Rvt_19_Debug|Any CPU.ActiveCfg = Rvt_19_Debug|Any CPU
		{F039C9B0-4CCC-4986-90BE-6B94CA0917DE}.Rvt_19_Debug|Any CPU.Build.0 = Rvt_19_Debug|Any CPU
		{F039C9B0-4CCC-4986-90BE-6B94CA0917DE}.Rvt_19_Release|Any CPU.ActiveCfg = Rvt_19_Release|Any CPU
		{F039C9B0-4CCC-4986-90BE-6B94CA0917DE}.Rvt_19_Release|Any CPU.Build.0 = Rvt_19_Release|Any CPU
		{F039C9B0-4CCC-4986-90BE-6B94CA0917DE}.Rvt_20_Debug|Any CPU.ActiveCfg = Rvt_20_Debug|Any CPU
		{F039C9B0-4CCC-4986-90BE-6B94CA0917DE}.Rvt_20_Debug|Any CPU.Build.0 = Rvt_20_Debug|Any CPU
		{F039C9B0-4CCC-4986-90BE-6B94CA0917DE}.Rvt_20_Release|Any CPU.ActiveCfg = Rvt_20_Release|Any CPU
		{F039C9B0-4CCC-4986-90BE-6B94CA0917DE}.Rvt_20_Release|Any CPU.Build.0 = Rvt_20_Release|Any CPU
		{F039C9B0-4CCC-4986-90BE-6B94CA0917DE}.Rvt_21_Debug|Any CPU.ActiveCfg = Rvt_21_Debug|Any CPU
		{F039C9B0-4CCC-4986-90BE-6B94CA0917DE}.Rvt_21_Debug|Any CPU.Build.0 = Rvt_21_Debug|Any CPU
		{F039C9B0-4CCC-4986-90BE-6B94CA0917DE}.Rvt_21_Release|Any CPU.ActiveCfg = Rvt_21_Release|Any CPU
		{F039C9B0-4CCC-4986-90BE-6B94CA0917DE}.Rvt_21_Release|Any CPU.Build.0 = Rvt_21_Release|Any CPU
		{F039C9B0-4CCC-4986-90BE-6B94CA0917DE}.Rvt_22_Debug|Any CPU.ActiveCfg = Rvt_22_Debug|Any CPU
		{F039C9B0-4CCC-4986-90BE-6B94CA0917DE}.Rvt_22_Debug|Any CPU.Build.0 = Rvt_22_Debug|Any CPU
		{F039C9B0-4CCC-4986-90BE-6B94CA0917DE}.Rvt_22_Release|Any CPU.ActiveCfg = Rvt_22_Release|Any CPU
		{F039C9B0-4CCC-4986-90BE-6B94CA0917DE}.Rvt_22_Release|Any CPU.Build.0 = Rvt_22_Release|Any CPU
		{F039C9B0-4CCC-4986-90BE-6B94CA0917DE}.Rvt_23_Debug|Any CPU.ActiveCfg = Rvt_23_Debug|Any CPU
		{F039C9B0-4CCC-4986-90BE-6B94CA0917DE}.Rvt_23_Debug|Any CPU.Build.0 = Rvt_23_Debug|Any CPU
		{F039C9B0-4CCC-4986-90BE-6B94CA0917DE}.Rvt_23_Release|Any CPU.ActiveCfg = Rvt_23_Release|Any CPU
		{F039C9B0-4CCC-4986-90BE-6B94CA0917DE}.Rvt_23_Release|Any CPU.Build.0 = Rvt_23_Release|Any CPU
		{F039C9B0-4CCC-4986-90BE-6B94CA0917DE}.Rvt_24_Debug|Any CPU.ActiveCfg = Rvt_24_Debug|Any CPU
		{F039C9B0-4CCC-4986-90BE-6B94CA0917DE}.Rvt_24_Debug|Any CPU.Build.0 = Rvt_24_Debug|Any CPU
		{F039C9B0-4CCC-4986-90BE-6B94CA0917DE}.Rvt_24_Release|Any CPU.ActiveCfg = Rvt_24_Release|Any CPU
		{F039C9B0-4CCC-4986-90BE-6B94CA0917DE}.Rvt_24_Release|Any CPU.Build.0 = Rvt_24_Release|Any CPU
		{F039C9B0-4CCC-4986-90BE-6B94CA0917DE}.Rvt_25_Debug|Any CPU.ActiveCfg = Rvt_25_Debug|Any CPU
		{F039C9B0-4CCC-4986-90BE-6B94CA0917DE}.Rvt_25_Debug|Any CPU.Build.0 = Rvt_25_Debug|Any CPU
		{F039C9B0-4CCC-4986-90BE-6B94CA0917DE}.Rvt_25_Release|Any CPU.ActiveCfg = Rvt_25_Release|Any CPU
		{F039C9B0-4CCC-4986-90BE-6B94CA0917DE}.Rvt_25_Release|Any CPU.Build.0 = Rvt_25_Release|Any CPU
	EndGlobalSection
	GlobalSection(SolutionProperties) = preSolution
		HideSolutionNode = FALSE
	EndGlobalSection
	GlobalSection(NestedProjects) = preSolution
		{DD61B320-96A7-4CC9-9E96-5A31B94C81F2} = {78698622-B03F-4429-A49B-98CF86473856}
		{1068E61C-D5B5-48AB-80BA-AD5D854D828F} = {78698622-B03F-4429-A49B-98CF86473856}
		{C88254D5-E154-4B96-AA6B-B225FFC5DAA7} = {78698622-B03F-4429-A49B-98CF86473856}
		{158F038C-33C0-4DAB-825D-CE49D9ED6BAB} = {78698622-B03F-4429-A49B-98CF86473856}
		{55341B98-CED4-4932-894A-0E84602590EF} = {78698622-B03F-4429-A49B-98CF86473856}
		{D9B15625-E469-46E8-BD8B-226A47CED90C} = {78698622-B03F-4429-A49B-98CF86473856}
		{29272593-86D6-4D3B-B0A6-4B6CB361D19B} = {DD61B320-96A7-4CC9-9E96-5A31B94C81F2}
		{682799DF-17E6-4AF4-A4D7-1AE9B0F8AB58} = {DD61B320-96A7-4CC9-9E96-5A31B94C81F2}
		{F039C9B0-4CCC-4986-90BE-6B94CA0917DE} = {DD61B320-96A7-4CC9-9E96-5A31B94C81F2}
	EndGlobalSection
	GlobalSection(ExtensibilityGlobals) = postSolution
		SolutionGuid = {4D6FC15D-120F-4CC2-9C35-CF9B2062A5EB}
	EndGlobalSection
EndGlobal
